
Microsoft Visual Studio Solution File, Format Version 12.00
# Visual Studio Version 16
VisualStudioVersion = 16.0.31205.134
MinimumVisualStudioVersion = 10.0.40219.1
Project("{FAE04EC0-301F-11D3-BF4B-00C04F79EFBC}") = "EjercicioPOO", "EjercicioPOO\EjercicioPOO.csproj", "{CB5F602D-6A2E-497B-BD03-DCCF6B6B87DF}"
EndProject
Global
	GlobalSection(SolutionConfigurationPlatforms) = preSolution
		Debug|Any CPU = Debug|Any CPU
		Release|Any CPU = Release|Any CPU
	EndGlobalSection
	GlobalSection(ProjectConfigurationPlatforms) = postSolution
		{CB5F602D-6A2E-497B-BD03-DCCF6B6B87DF}.Debug|Any CPU.ActiveCfg = Debug|Any CPU
		{CB5F602D-6A2E-497B-BD03-DCCF6B6B87DF}.Debug|Any CPU.Build.0 = Debug|Any CPU
		{CB5F602D-6A2E-497B-BD03-DCCF6B6B87DF}.Release|Any CPU.ActiveCfg = Release|Any CPU
		{CB5F602D-6A2E-497B-BD03-DCCF6B6B87DF}.Release|Any CPU.Build.0 = Release|Any CPU
	EndGlobalSection
	GlobalSection(SolutionProperties) = preSolution
		HideSolutionNode = FALSE
	EndGlobalSection
	GlobalSection(ExtensibilityGlobals) = postSolution
		SolutionGuid = {3B085423-9D0F-4441-A9C4-2D2882DC84B1}
	EndGlobalSection
EndGlobal
