
Microsoft Visual Studio Solution File, Format Version 12.00
# Visual Studio Version 16
VisualStudioVersion = 16.0.31205.134
MinimumVisualStudioVersion = 10.0.40219.1
Project("{FAE04EC0-301F-11D3-BF4B-00C04F79EFBC}") = "TP3_Consigna4", "TP3_Consigna4\TP3_Consigna4.csproj", "{FF6E713C-4AD0-4138-8657-7446A603BBEC}"
EndProject
Project("{FAE04EC0-301F-11D3-BF4B-00C04F79EFBC}") = "DAL", "..\TP3_Consigna3\DAL\DAL.csproj", "{90D87EB8-6E6E-4326-BBB1-FE29F5E8BD13}"
EndProject
Project("{FAE04EC0-301F-11D3-BF4B-00C04F79EFBC}") = "LOGIC", "LOGIC\LOGIC.csproj", "{68ED9B49-DF95-4A03-9980-52523C4FD4C8}"
EndProject
Project("{FAE04EC0-301F-11D3-BF4B-00C04F79EFBC}") = "LOGICTests", "LOGICTests\LOGICTests.csproj", "{40F9FE2B-EEFF-45E4-9D63-4ABCC2F393E7}"
EndProject
Global
	GlobalSection(SolutionConfigurationPlatforms) = preSolution
		Debug|Any CPU = Debug|Any CPU
		Release|Any CPU = Release|Any CPU
	EndGlobalSection
	GlobalSection(ProjectConfigurationPlatforms) = postSolution
		{FF6E713C-4AD0-4138-8657-7446A603BBEC}.Debug|Any CPU.ActiveCfg = Debug|Any CPU
		{FF6E713C-4AD0-4138-8657-7446A603BBEC}.Debug|Any CPU.Build.0 = Debug|Any CPU
		{FF6E713C-4AD0-4138-8657-7446A603BBEC}.Release|Any CPU.ActiveCfg = Release|Any CPU
		{FF6E713C-4AD0-4138-8657-7446A603BBEC}.Release|Any CPU.Build.0 = Release|Any CPU
		{90D87EB8-6E6E-4326-BBB1-FE29F5E8BD13}.Debug|Any CPU.ActiveCfg = Debug|Any CPU
		{90D87EB8-6E6E-4326-BBB1-FE29F5E8BD13}.Debug|Any CPU.Build.0 = Debug|Any CPU
		{90D87EB8-6E6E-4326-BBB1-FE29F5E8BD13}.Release|Any CPU.ActiveCfg = Release|Any CPU
		{90D87EB8-6E6E-4326-BBB1-FE29F5E8BD13}.Release|Any CPU.Build.0 = Release|Any CPU
		{68ED9B49-DF95-4A03-9980-52523C4FD4C8}.Debug|Any CPU.ActiveCfg = Debug|Any CPU
		{68ED9B49-DF95-4A03-9980-52523C4FD4C8}.Debug|Any CPU.Build.0 = Debug|Any CPU
		{68ED9B49-DF95-4A03-9980-52523C4FD4C8}.Release|Any CPU.ActiveCfg = Release|Any CPU
		{68ED9B49-DF95-4A03-9980-52523C4FD4C8}.Release|Any CPU.Build.0 = Release|Any CPU
		{40F9FE2B-EEFF-45E4-9D63-4ABCC2F393E7}.Debug|Any CPU.ActiveCfg = Debug|Any CPU
		{40F9FE2B-EEFF-45E4-9D63-4ABCC2F393E7}.Debug|Any CPU.Build.0 = Debug|Any CPU
		{40F9FE2B-EEFF-45E4-9D63-4ABCC2F393E7}.Release|Any CPU.ActiveCfg = Release|Any CPU
		{40F9FE2B-EEFF-45E4-9D63-4ABCC2F393E7}.Release|Any CPU.Build.0 = Release|Any CPU
	EndGlobalSection
	GlobalSection(SolutionProperties) = preSolution
		HideSolutionNode = FALSE
	EndGlobalSection
	GlobalSection(ExtensibilityGlobals) = postSolution
		SolutionGuid = {D772F744-FE18-4646-AC23-79B5A78D7486}
	EndGlobalSection
EndGlobal
